
using System;
using System.Collections.Generic;
using System.Linq;
using System.Text;
using System.Threading.Tasks;

namespace ConsoleApp4
{
    internal class Program
    {
       static void SumTo(int a,int n,int b,int r)
        {
            
            
            int result = 1;
            if (b >= n)          
            return;
            b++;
            
            a = result + a;
            r = r + a;
           

            Console.WriteLine(r);
            SumTo(a, n, b, r);
            
            

        }



        static void Main(string[] args)
        {
            int b = 1;
            int r = 1;
            int a = 1;
            int n;

            n =int.Parse(Console.ReadLine());
            if (n <= 0)
            {
                Console.WriteLine("Недопустимое значение аргумента");
            }


          SumTo(a,n,b,r);
                

           
        } 
    }
}
