using System;
using System.Collections.Generic;
using System.Linq;
using System.Text;
using System.Threading.Tasks;

namespace ConsoleApp5
{
    internal class Program
    {
        static void Main(string[] args)
        {
            int[] meArray;

            meArray = new int[1];

            meArray[0] = 1;
  
            for (; meArray[0] < 6; meArray[0]++)
            {
                switch (meArray[0])
                {
                    case 1:
                        Console.WriteLine("    *    ");
                        break;
                    case 2:
                        Console.WriteLine("   ***   ");
                        break;
                    case 3:
                        Console.WriteLine("  *****  ");
                        break;
                    case 4:
                        Console.WriteLine(" ******* ");
                        break;
                    case 5:
                        Console.WriteLine("*********");
                        break;
                }



            }
        }
    }
}
