
Microsoft Visual Studio Solution File, Format Version 12.00
# Visual Studio Version 17
VisualStudioVersion = 17.4.33213.308
MinimumVisualStudioVersion = 10.0.40219.1
Project("{FAE04EC0-301F-11D3-BF4B-00C04F79EFBC}") = "ConsoleApp1", "ConsoleApp1\ConsoleApp1.csproj", "{376C7D0E-EA52-4599-9698-D990143D772A}"
EndProject
Global
	GlobalSection(SolutionConfigurationPlatforms) = preSolution
		Debug|Any CPU = Debug|Any CPU
		Release|Any CPU = Release|Any CPU
	EndGlobalSection
	GlobalSection(ProjectConfigurationPlatforms) = postSolution
		{376C7D0E-EA52-4599-9698-D990143D772A}.Debug|Any CPU.ActiveCfg = Debug|Any CPU
		{376C7D0E-EA52-4599-9698-D990143D772A}.Debug|Any CPU.Build.0 = Debug|Any CPU
		{376C7D0E-EA52-4599-9698-D990143D772A}.Release|Any CPU.ActiveCfg = Release|Any CPU
		{376C7D0E-EA52-4599-9698-D990143D772A}.Release|Any CPU.Build.0 = Release|Any CPU
	EndGlobalSection
	GlobalSection(SolutionProperties) = preSolution
		HideSolutionNode = FALSE
	EndGlobalSection
	GlobalSection(ExtensibilityGlobals) = postSolution
		SolutionGuid = {15575C2D-91A3-4645-B9D8-5D675FE89744}
	EndGlobalSection
EndGlobal
